
Microsoft Visual Studio Solution File, Format Version 12.00
# Visual Studio Version 16
VisualStudioVersion = 16.0.31624.102
MinimumVisualStudioVersion = 10.0.40219.1
Project("{FAE04EC0-301F-11D3-BF4B-00C04F79EFBC}") = "lesson3010", "lesson3010\lesson3010.csproj", "{73789F1F-8BD5-4DF7-B666-195A4157CE98}"
EndProject
Project("{FAE04EC0-301F-11D3-BF4B-00C04F79EFBC}") = "homeworkmeth", "homeworkmeth\homeworkmeth.csproj", "{6C16AA0D-C9C4-41D0-A4D5-BF54FD30B88E}"
EndProject
Global
	GlobalSection(SolutionConfigurationPlatforms) = preSolution
		Debug|Any CPU = Debug|Any CPU
		Release|Any CPU = Release|Any CPU
	EndGlobalSection
	GlobalSection(ProjectConfigurationPlatforms) = postSolution
		{73789F1F-8BD5-4DF7-B666-195A4157CE98}.Debug|Any CPU.ActiveCfg = Debug|Any CPU
		{73789F1F-8BD5-4DF7-B666-195A4157CE98}.Debug|Any CPU.Build.0 = Debug|Any CPU
		{73789F1F-8BD5-4DF7-B666-195A4157CE98}.Release|Any CPU.ActiveCfg = Release|Any CPU
		{73789F1F-8BD5-4DF7-B666-195A4157CE98}.Release|Any CPU.Build.0 = Release|Any CPU
		{6C16AA0D-C9C4-41D0-A4D5-BF54FD30B88E}.Debug|Any CPU.ActiveCfg = Debug|Any CPU
		{6C16AA0D-C9C4-41D0-A4D5-BF54FD30B88E}.Debug|Any CPU.Build.0 = Debug|Any CPU
		{6C16AA0D-C9C4-41D0-A4D5-BF54FD30B88E}.Release|Any CPU.ActiveCfg = Release|Any CPU
		{6C16AA0D-C9C4-41D0-A4D5-BF54FD30B88E}.Release|Any CPU.Build.0 = Release|Any CPU
	EndGlobalSection
	GlobalSection(SolutionProperties) = preSolution
		HideSolutionNode = FALSE
	EndGlobalSection
	GlobalSection(ExtensibilityGlobals) = postSolution
		SolutionGuid = {005F5955-CE0D-4834-82C0-D5DA815BB2B0}
	EndGlobalSection
EndGlobal
